
Microsoft Visual Studio Solution File, Format Version 12.00
Project("{FAE04EC0-301F-11D3-BF4B-00C04F79EFBC}") = "Patterns", "Patterns\Patterns.csproj", "{146AD964-F308-4394-AB6F-7444983F2B88}"
EndProject
Project("{2150E333-8FDC-42A3-9474-1A3956D46DE8}") = "GarageLibrary", "GarageLibrary", "{04F9CA60-4788-453A-B9F7-FDDE90966C78}"
EndProject
Project("{FAE04EC0-301F-11D3-BF4B-00C04F79EFBC}") = "GarageLibrary", "GarageLibrary\GarageLibrary.csproj", "{011543B7-9577-411B-82EC-649A95494548}"
EndProject
Project("{FAE04EC0-301F-11D3-BF4B-00C04F79EFBC}") = "UnitTests", "UnitTests\UnitTests.csproj", "{C8160B79-624B-43A8-A281-24AC8242C7EA}"
EndProject
Global
	GlobalSection(SolutionConfigurationPlatforms) = preSolution
		Debug|Any CPU = Debug|Any CPU
		Release|Any CPU = Release|Any CPU
	EndGlobalSection
	GlobalSection(ProjectConfigurationPlatforms) = postSolution
		{146AD964-F308-4394-AB6F-7444983F2B88}.Debug|Any CPU.ActiveCfg = Debug|Any CPU
		{146AD964-F308-4394-AB6F-7444983F2B88}.Debug|Any CPU.Build.0 = Debug|Any CPU
		{146AD964-F308-4394-AB6F-7444983F2B88}.Release|Any CPU.ActiveCfg = Release|Any CPU
		{146AD964-F308-4394-AB6F-7444983F2B88}.Release|Any CPU.Build.0 = Release|Any CPU
		{011543B7-9577-411B-82EC-649A95494548}.Debug|Any CPU.ActiveCfg = Debug|Any CPU
		{011543B7-9577-411B-82EC-649A95494548}.Debug|Any CPU.Build.0 = Debug|Any CPU
		{011543B7-9577-411B-82EC-649A95494548}.Release|Any CPU.ActiveCfg = Release|Any CPU
		{011543B7-9577-411B-82EC-649A95494548}.Release|Any CPU.Build.0 = Release|Any CPU
		{C8160B79-624B-43A8-A281-24AC8242C7EA}.Debug|Any CPU.ActiveCfg = Debug|Any CPU
		{C8160B79-624B-43A8-A281-24AC8242C7EA}.Debug|Any CPU.Build.0 = Debug|Any CPU
		{C8160B79-624B-43A8-A281-24AC8242C7EA}.Release|Any CPU.ActiveCfg = Release|Any CPU
		{C8160B79-624B-43A8-A281-24AC8242C7EA}.Release|Any CPU.Build.0 = Release|Any CPU
	EndGlobalSection
	GlobalSection(NestedProjects) = preSolution
		{011543B7-9577-411B-82EC-649A95494548} = {04F9CA60-4788-453A-B9F7-FDDE90966C78}
	EndGlobalSection
EndGlobal
